
Microsoft Visual Studio Solution File, Format Version 12.00
# Visual Studio Version 16
VisualStudioVersion = 16.0.31005.135
MinimumVisualStudioVersion = 10.0.40219.1
Project("{FAE04EC0-301F-11D3-BF4B-00C04F79EFBC}") = "HomeMonitoring", "HomeMonitoring\HomeMonitoring.csproj", "{0C91A331-9293-4449-8A7D-F18563D49D03}"
EndProject
Global
	GlobalSection(SolutionConfigurationPlatforms) = preSolution
		Debug|Any CPU = Debug|Any CPU
		Release|Any CPU = Release|Any CPU
	EndGlobalSection
	GlobalSection(ProjectConfigurationPlatforms) = postSolution
		{0C91A331-9293-4449-8A7D-F18563D49D03}.Debug|Any CPU.ActiveCfg = Debug|Any CPU
		{0C91A331-9293-4449-8A7D-F18563D49D03}.Debug|Any CPU.Build.0 = Debug|Any CPU
		{0C91A331-9293-4449-8A7D-F18563D49D03}.Release|Any CPU.ActiveCfg = Release|Any CPU
		{0C91A331-9293-4449-8A7D-F18563D49D03}.Release|Any CPU.Build.0 = Release|Any CPU
	EndGlobalSection
	GlobalSection(SolutionProperties) = preSolution
		HideSolutionNode = FALSE
	EndGlobalSection
	GlobalSection(ExtensibilityGlobals) = postSolution
		SolutionGuid = {D7D3EEE7-0EE2-4DDB-8C70-07F40386D50C}
	EndGlobalSection
EndGlobal
